
Microsoft Visual Studio Solution File, Format Version 12.00
# Visual Studio Version 16
VisualStudioVersion = 16.0.32510.428
MinimumVisualStudioVersion = 10.0.40219.1
Project("{FAE04EC0-301F-11D3-BF4B-00C04F79EFBC}") = "WpfApp1", "WpfApp1.csproj", "{61E0CA30-0C84-460B-A37C-523DAA168380}"
EndProject
Global
	GlobalSection(SolutionConfigurationPlatforms) = preSolution
		Debug|Any CPU = Debug|Any CPU
		Release|Any CPU = Release|Any CPU
	EndGlobalSection
	GlobalSection(ProjectConfigurationPlatforms) = postSolution
		{61E0CA30-0C84-460B-A37C-523DAA168380}.Debug|Any CPU.ActiveCfg = Debug|Any CPU
		{61E0CA30-0C84-460B-A37C-523DAA168380}.Debug|Any CPU.Build.0 = Debug|Any CPU
		{61E0CA30-0C84-460B-A37C-523DAA168380}.Release|Any CPU.ActiveCfg = Release|Any CPU
		{61E0CA30-0C84-460B-A37C-523DAA168380}.Release|Any CPU.Build.0 = Release|Any CPU
	EndGlobalSection
	GlobalSection(SolutionProperties) = preSolution
		HideSolutionNode = FALSE
	EndGlobalSection
	GlobalSection(ExtensibilityGlobals) = postSolution
		SolutionGuid = {4BCCAC64-F9E6-4B3A-B49A-30347B9D92DD}
	EndGlobalSection
EndGlobal
